
Microsoft Visual Studio Solution File, Format Version 12.00
# Visual Studio Version 16
VisualStudioVersion = 16.0.29519.181
MinimumVisualStudioVersion = 10.0.40219.1
Project("{9A19103F-16F7-4668-BE54-9A1E7A4F7556}") = "RawSqlHelper", "RawSqlHelper\RawSqlHelper.csproj", "{498FD4E3-DBCC-40F2-A571-042078A6CFF8}"
EndProject
Project("{9A19103F-16F7-4668-BE54-9A1E7A4F7556}") = "RawSqlHelper.LinqLikeExtension", "RawSqlHelper.LinqLikeExtension\RawSqlHelper.LinqLikeExtension.csproj", "{2B7CEE81-D1DC-47C3-BA50-6ABDBCF89119}"
EndProject
Project("{FAE04EC0-301F-11D3-BF4B-00C04F79EFBC}") = "RawSqlHelper.LinqLikeExtension.Demo", "RawSqlHelper.LinqLikeExtension.Demo\RawSqlHelper.LinqLikeExtension.Demo.csproj", "{BB36E556-536A-4172-A427-D2711553E28C}"
EndProject
Global
	GlobalSection(SolutionConfigurationPlatforms) = preSolution
		Debug|Any CPU = Debug|Any CPU
		Release|Any CPU = Release|Any CPU
	EndGlobalSection
	GlobalSection(ProjectConfigurationPlatforms) = postSolution
		{498FD4E3-DBCC-40F2-A571-042078A6CFF8}.Debug|Any CPU.ActiveCfg = Debug|Any CPU
		{498FD4E3-DBCC-40F2-A571-042078A6CFF8}.Debug|Any CPU.Build.0 = Debug|Any CPU
		{498FD4E3-DBCC-40F2-A571-042078A6CFF8}.Release|Any CPU.ActiveCfg = Release|Any CPU
		{498FD4E3-DBCC-40F2-A571-042078A6CFF8}.Release|Any CPU.Build.0 = Release|Any CPU
		{2B7CEE81-D1DC-47C3-BA50-6ABDBCF89119}.Debug|Any CPU.ActiveCfg = Debug|Any CPU
		{2B7CEE81-D1DC-47C3-BA50-6ABDBCF89119}.Debug|Any CPU.Build.0 = Debug|Any CPU
		{2B7CEE81-D1DC-47C3-BA50-6ABDBCF89119}.Release|Any CPU.ActiveCfg = Release|Any CPU
		{2B7CEE81-D1DC-47C3-BA50-6ABDBCF89119}.Release|Any CPU.Build.0 = Release|Any CPU
		{BB36E556-536A-4172-A427-D2711553E28C}.Debug|Any CPU.ActiveCfg = Debug|Any CPU
		{BB36E556-536A-4172-A427-D2711553E28C}.Debug|Any CPU.Build.0 = Debug|Any CPU
		{BB36E556-536A-4172-A427-D2711553E28C}.Release|Any CPU.ActiveCfg = Release|Any CPU
		{BB36E556-536A-4172-A427-D2711553E28C}.Release|Any CPU.Build.0 = Release|Any CPU
	EndGlobalSection
	GlobalSection(SolutionProperties) = preSolution
		HideSolutionNode = FALSE
	EndGlobalSection
	GlobalSection(ExtensibilityGlobals) = postSolution
		SolutionGuid = {0B2901ED-AF56-4D8E-9296-FC1833E0FC0D}
	EndGlobalSection
EndGlobal
